
Microsoft Visual Studio Solution File, Format Version 12.00
# Visual Studio Version 17
VisualStudioVersion = 17.0.31903.59
MinimumVisualStudioVersion = 10.0.40219.1
Project("{2150E333-8FDC-42A3-9474-1A3956D46DE8}") = "src", "src", "{827E0CD3-B72D-47B6-A68D-7590B98EB39B}"
EndProject
Project("{FAE04EC0-301F-11D3-BF4B-00C04F79EFBC}") = "LithographERP.Domain", "src\LithographERP.Domain\LithographERP.Domain.csproj", "{E9ABBE1E-A60B-4920-9E1B-7F490D051F62}"
EndProject
Project("{FAE04EC0-301F-11D3-BF4B-00C04F79EFBC}") = "LithographERP.Application", "src\LithographERP.Application\LithographERP.Application.csproj", "{6CD1B69A-F12F-4E83-8BC4-F4D6CEE8B141}"
EndProject
Project("{FAE04EC0-301F-11D3-BF4B-00C04F79EFBC}") = "LithographERP.Infrastructure", "src\LithographERP.Infrastructure\LithographERP.Infrastructure.csproj", "{F3DD4904-92FF-4619-B470-5564A058269E}"
EndProject
Project("{FAE04EC0-301F-11D3-BF4B-00C04F79EFBC}") = "LithographERP.Api", "src\LithographERP.Api\LithographERP.Api.csproj", "{825C2C14-B5EA-43D1-BFAD-7406F060467F}"
EndProject
Project("{2150E333-8FDC-42A3-9474-1A3956D46DE8}") = "tests", "tests", "{0AB3BF05-4346-4AA6-1389-037BE0695223}"
EndProject
Project("{FAE04EC0-301F-11D3-BF4B-00C04F79EFBC}") = "LithographERP.UnitTests", "tests\LithographERP.UnitTests\LithographERP.UnitTests.csproj", "{B91C8057-B0E6-4146-A2CA-03ED69AB35A9}"
EndProject
Project("{FAE04EC0-301F-11D3-BF4B-00C04F79EFBC}") = "LithographERP.IntegrationTests", "tests\LithographERP.IntegrationTests\LithographERP.IntegrationTests.csproj", "{9DE1E340-11AD-4F4D-9405-800139DE2511}"
EndProject
Global
	GlobalSection(SolutionConfigurationPlatforms) = preSolution
		Debug|Any CPU = Debug|Any CPU
		Debug|x64 = Debug|x64
		Debug|x86 = Debug|x86
		Release|Any CPU = Release|Any CPU
		Release|x64 = Release|x64
		Release|x86 = Release|x86
	EndGlobalSection
	GlobalSection(ProjectConfigurationPlatforms) = postSolution
		{E9ABBE1E-A60B-4920-9E1B-7F490D051F62}.Debug|Any CPU.ActiveCfg = Debug|Any CPU
		{E9ABBE1E-A60B-4920-9E1B-7F490D051F62}.Debug|Any CPU.Build.0 = Debug|Any CPU
		{E9ABBE1E-A60B-4920-9E1B-7F490D051F62}.Debug|x64.ActiveCfg = Debug|Any CPU
		{E9ABBE1E-A60B-4920-9E1B-7F490D051F62}.Debug|x64.Build.0 = Debug|Any CPU
		{E9ABBE1E-A60B-4920-9E1B-7F490D051F62}.Debug|x86.ActiveCfg = Debug|Any CPU
		{E9ABBE1E-A60B-4920-9E1B-7F490D051F62}.Debug|x86.Build.0 = Debug|Any CPU
		{E9ABBE1E-A60B-4920-9E1B-7F490D051F62}.Release|Any CPU.ActiveCfg = Release|Any CPU
		{E9ABBE1E-A60B-4920-9E1B-7F490D051F62}.Release|Any CPU.Build.0 = Release|Any CPU
		{E9ABBE1E-A60B-4920-9E1B-7F490D051F62}.Release|x64.ActiveCfg = Release|Any CPU
		{E9ABBE1E-A60B-4920-9E1B-7F490D051F62}.Release|x64.Build.0 = Release|Any CPU
		{E9ABBE1E-A60B-4920-9E1B-7F490D051F62}.Release|x86.ActiveCfg = Release|Any CPU
		{E9ABBE1E-A60B-4920-9E1B-7F490D051F62}.Release|x86.Build.0 = Release|Any CPU
		{6CD1B69A-F12F-4E83-8BC4-F4D6CEE8B141}.Debug|Any CPU.ActiveCfg = Debug|Any CPU
		{6CD1B69A-F12F-4E83-8BC4-F4D6CEE8B141}.Debug|Any CPU.Build.0 = Debug|Any CPU
		{6CD1B69A-F12F-4E83-8BC4-F4D6CEE8B141}.Debug|x64.ActiveCfg = Debug|Any CPU
		{6CD1B69A-F12F-4E83-8BC4-F4D6CEE8B141}.Debug|x64.Build.0 = Debug|Any CPU
		{6CD1B69A-F12F-4E83-8BC4-F4D6CEE8B141}.Debug|x86.ActiveCfg = Debug|Any CPU
		{6CD1B69A-F12F-4E83-8BC4-F4D6CEE8B141}.Debug|x86.Build.0 = Debug|Any CPU
		{6CD1B69A-F12F-4E83-8BC4-F4D6CEE8B141}.Release|Any CPU.ActiveCfg = Release|Any CPU
		{6CD1B69A-F12F-4E83-8BC4-F4D6CEE8B141}.Release|Any CPU.Build.0 = Release|Any CPU
		{6CD1B69A-F12F-4E83-8BC4-F4D6CEE8B141}.Release|x64.ActiveCfg = Release|Any CPU
		{6CD1B69A-F12F-4E83-8BC4-F4D6CEE8B141}.Release|x64.Build.0 = Release|Any CPU
		{6CD1B69A-F12F-4E83-8BC4-F4D6CEE8B141}.Release|x86.ActiveCfg = Release|Any CPU
		{6CD1B69A-F12F-4E83-8BC4-F4D6CEE8B141}.Release|x86.Build.0 = Release|Any CPU
		{F3DD4904-92FF-4619-B470-5564A058269E}.Debug|Any CPU.ActiveCfg = Debug|Any CPU
		{F3DD4904-92FF-4619-B470-5564A058269E}.Debug|Any CPU.Build.0 = Debug|Any CPU
		{F3DD4904-92FF-4619-B470-5564A058269E}.Debug|x64.ActiveCfg = Debug|Any CPU
		{F3DD4904-92FF-4619-B470-5564A058269E}.Debug|x64.Build.0 = Debug|Any CPU
		{F3DD4904-92FF-4619-B470-5564A058269E}.Debug|x86.ActiveCfg = Debug|Any CPU
		{F3DD4904-92FF-4619-B470-5564A058269E}.Debug|x86.Build.0 = Debug|Any CPU
		{F3DD4904-92FF-4619-B470-5564A058269E}.Release|Any CPU.ActiveCfg = Release|Any CPU
		{F3DD4904-92FF-4619-B470-5564A058269E}.Release|Any CPU.Build.0 = Release|Any CPU
		{F3DD4904-92FF-4619-B470-5564A058269E}.Release|x64.ActiveCfg = Release|Any CPU
		{F3DD4904-92FF-4619-B470-5564A058269E}.Release|x64.Build.0 = Release|Any CPU
		{F3DD4904-92FF-4619-B470-5564A058269E}.Release|x86.ActiveCfg = Release|Any CPU
		{F3DD4904-92FF-4619-B470-5564A058269E}.Release|x86.Build.0 = Release|Any CPU
		{825C2C14-B5EA-43D1-BFAD-7406F060467F}.Debug|Any CPU.ActiveCfg = Debug|Any CPU
		{825C2C14-B5EA-43D1-BFAD-7406F060467F}.Debug|Any CPU.Build.0 = Debug|Any CPU
		{825C2C14-B5EA-43D1-BFAD-7406F060467F}.Debug|x64.ActiveCfg = Debug|Any CPU
		{825C2C14-B5EA-43D1-BFAD-7406F060467F}.Debug|x64.Build.0 = Debug|Any CPU
		{825C2C14-B5EA-43D1-BFAD-7406F060467F}.Debug|x86.ActiveCfg = Debug|Any CPU
		{825C2C14-B5EA-43D1-BFAD-7406F060467F}.Debug|x86.Build.0 = Debug|Any CPU
		{825C2C14-B5EA-43D1-BFAD-7406F060467F}.Release|Any CPU.ActiveCfg = Release|Any CPU
		{825C2C14-B5EA-43D1-BFAD-7406F060467F}.Release|Any CPU.Build.0 = Release|Any CPU
		{825C2C14-B5EA-43D1-BFAD-7406F060467F}.Release|x64.ActiveCfg = Release|Any CPU
		{825C2C14-B5EA-43D1-BFAD-7406F060467F}.Release|x64.Build.0 = Release|Any CPU
		{825C2C14-B5EA-43D1-BFAD-7406F060467F}.Release|x86.ActiveCfg = Release|Any CPU
		{825C2C14-B5EA-43D1-BFAD-7406F060467F}.Release|x86.Build.0 = Release|Any CPU
		{B91C8057-B0E6-4146-A2CA-03ED69AB35A9}.Debug|Any CPU.ActiveCfg = Debug|Any CPU
		{B91C8057-B0E6-4146-A2CA-03ED69AB35A9}.Debug|Any CPU.Build.0 = Debug|Any CPU
		{B91C8057-B0E6-4146-A2CA-03ED69AB35A9}.Debug|x64.ActiveCfg = Debug|Any CPU
		{B91C8057-B0E6-4146-A2CA-03ED69AB35A9}.Debug|x64.Build.0 = Debug|Any CPU
		{B91C8057-B0E6-4146-A2CA-03ED69AB35A9}.Debug|x86.ActiveCfg = Debug|Any CPU
		{B91C8057-B0E6-4146-A2CA-03ED69AB35A9}.Debug|x86.Build.0 = Debug|Any CPU
		{B91C8057-B0E6-4146-A2CA-03ED69AB35A9}.Release|Any CPU.ActiveCfg = Release|Any CPU
		{B91C8057-B0E6-4146-A2CA-03ED69AB35A9}.Release|Any CPU.Build.0 = Release|Any CPU
		{B91C8057-B0E6-4146-A2CA-03ED69AB35A9}.Release|x64.ActiveCfg = Release|Any CPU
		{B91C8057-B0E6-4146-A2CA-03ED69AB35A9}.Release|x64.Build.0 = Release|Any CPU
		{B91C8057-B0E6-4146-A2CA-03ED69AB35A9}.Release|x86.ActiveCfg = Release|Any CPU
		{B91C8057-B0E6-4146-A2CA-03ED69AB35A9}.Release|x86.Build.0 = Release|Any CPU
		{9DE1E340-11AD-4F4D-9405-800139DE2511}.Debug|Any CPU.ActiveCfg = Debug|Any CPU
		{9DE1E340-11AD-4F4D-9405-800139DE2511}.Debug|Any CPU.Build.0 = Debug|Any CPU
		{9DE1E340-11AD-4F4D-9405-800139DE2511}.Debug|x64.ActiveCfg = Debug|Any CPU
		{9DE1E340-11AD-4F4D-9405-800139DE2511}.Debug|x64.Build.0 = Debug|Any CPU
		{9DE1E340-11AD-4F4D-9405-800139DE2511}.Debug|x86.ActiveCfg = Debug|Any CPU
		{9DE1E340-11AD-4F4D-9405-800139DE2511}.Debug|x86.Build.0 = Debug|Any CPU
		{9DE1E340-11AD-4F4D-9405-800139DE2511}.Release|Any CPU.ActiveCfg = Release|Any CPU
		{9DE1E340-11AD-4F4D-9405-800139DE2511}.Release|Any CPU.Build.0 = Release|Any CPU
		{9DE1E340-11AD-4F4D-9405-800139DE2511}.Release|x64.ActiveCfg = Release|Any CPU
		{9DE1E340-11AD-4F4D-9405-800139DE2511}.Release|x64.Build.0 = Release|Any CPU
		{9DE1E340-11AD-4F4D-9405-800139DE2511}.Release|x86.ActiveCfg = Release|Any CPU
		{9DE1E340-11AD-4F4D-9405-800139DE2511}.Release|x86.Build.0 = Release|Any CPU
	EndGlobalSection
	GlobalSection(SolutionProperties) = preSolution
		HideSolutionNode = FALSE
	EndGlobalSection
	GlobalSection(NestedProjects) = preSolution
		{E9ABBE1E-A60B-4920-9E1B-7F490D051F62} = {827E0CD3-B72D-47B6-A68D-7590B98EB39B}
		{6CD1B69A-F12F-4E83-8BC4-F4D6CEE8B141} = {827E0CD3-B72D-47B6-A68D-7590B98EB39B}
		{F3DD4904-92FF-4619-B470-5564A058269E} = {827E0CD3-B72D-47B6-A68D-7590B98EB39B}
		{825C2C14-B5EA-43D1-BFAD-7406F060467F} = {827E0CD3-B72D-47B6-A68D-7590B98EB39B}
		{B91C8057-B0E6-4146-A2CA-03ED69AB35A9} = {0AB3BF05-4346-4AA6-1389-037BE0695223}
		{9DE1E340-11AD-4F4D-9405-800139DE2511} = {0AB3BF05-4346-4AA6-1389-037BE0695223}
	EndGlobalSection
EndGlobal
